// !$*UTF8*$!
{
	archiveVersion = 1;
	classes = {
	};
	objectVersion = 55;
	objects = {

/* Begin PBXBuildFile section */
		DCA02BEB27437ACE00EBBAFC /* AppDelegate.swift in Sources */ = {isa = PBXBuildFile; fileRef = DCA02BEA27437ACE00EBBAFC /* AppDelegate.swift */; };
		DCA02BED27437ACE00EBBAFC /* SceneDelegate.swift in Sources */ = {isa = PBXBuildFile; fileRef = DCA02BEC27437ACE00EBBAFC /* SceneDelegate.swift */; };
		DCA02BEF27437ACE00EBBAFC /* ViewController.swift in Sources */ = {isa = PBXBuildFile; fileRef = DCA02BEE27437ACE00EBBAFC /* ViewController.swift */; };
		DCA02BF227437ACE00EBBAFC /* Main.storyboard in Resources */ = {isa = PBXBuildFile; fileRef = DCA02BF027437ACE00EBBAFC /* Main.storyboard */; };
		DCA02BF427437AD000EBBAFC /* Assets.xcassets in Resources */ = {isa = PBXBuildFile; fileRef = DCA02BF327437AD000EBBAFC /* Assets.xcassets */; };
		DCA02BF727437AD000EBBAFC /* LaunchScreen.storyboard in Resources */ = {isa = PBXBuildFile; fileRef = DCA02BF527437AD000EBBAFC /* LaunchScreen.storyboard */; };
		DCA02BFF27437B0B00EBBAFC /* fish.png in Resources */ = {isa = PBXBuildFile; fileRef = DCA02BFE27437B0B00EBBAFC /* fish.png */; };
		DCA02C012743927100EBBAFC /* sample.mp3 in Resources */ = {isa = PBXBuildFile; fileRef = DCA02C002743927000EBBAFC /* sample.mp3 */; };
/* End PBXBuildFile section */

/* Begin PBXFileReference section */
		DCA02BE727437ACE00EBBAFC /* features.app */ = {isa = PBXFileReference; explicitFileType = wrapper.application; includeInIndex = 0; path = features.app; sourceTree = BUILT_PRODUCTS_DIR; };
		DCA02BEA27437ACE00EBBAFC /* AppDelegate.swift */ = {isa = PBXFileReference; lastKnownFileType = sourcecode.swift; path = AppDelegate.swift; sourceTree = "<group>"; };
		DCA02BEC27437ACE00EBBAFC /* SceneDelegate.swift */ = {isa = PBXFileReference; lastKnownFileType = sourcecode.swift; path = SceneDelegate.swift; sourceTree = "<group>"; };
		DCA02BEE27437ACE00EBBAFC /* ViewController.swift */ = {isa = PBXFileReference; lastKnownFileType = sourcecode.swift; path = ViewController.swift; sourceTree = "<group>"; };
		DCA02BF127437ACE00EBBAFC /* Base */ = {isa = PBXFileReference; lastKnownFileType = file.storyboard; name = Base; path = Base.lproj/Main.storyboard; sourceTree = "<group>"; };
		DCA02BF327437AD000EBBAFC /* Assets.xcassets */ = {isa = PBXFileReference; lastKnownFileType = folder.assetcatalog; path = Assets.xcassets; sourceTree = "<group>"; };
		DCA02BF627437AD000EBBAFC /* Base */ = {isa = PBXFileReference; lastKnownFileType = file.storyboard; name = Base; path = Base.lproj/LaunchScreen.storyboard; sourceTree = "<group>"; };
		DCA02BF827437AD000EBBAFC /* Info.plist */ = {isa = PBXFileReference; lastKnownFileType = text.plist.xml; path = Info.plist; sourceTree = "<group>"; };
		DCA02BFE27437B0B00EBBAFC /* fish.png */ = {isa = PBXFileReference; lastKnownFileType = image.png; path = fish.png; sourceTree = "<group>"; };
		DCA02C002743927000EBBAFC /* sample.mp3 */ = {isa = PBXFileReference; lastKnownFileType = audio.mp3; path = sample.mp3; sourceTree = "<group>"; };
/* End PBXFileReference section */

/* Begin PBXFrameworksBuildPhase section */
		DCA02BE427437ACE00EBBAFC /* Frameworks */ = {
			isa = PBXFrameworksBuildPhase;
			buildActionMask = 2147483647;
			files = (
			);
			runOnlyForDeploymentPostprocessing = 0;
		};
/* End PBXFrameworksBuildPhase section */

/* Begin PBXGroup section */
		DCA02BDE27437ACE00EBBAFC = {
			isa = PBXGroup;
			children = (
				DCA02BFE27437B0B00EBBAFC /* fish.png */,
				DCA02C002743927000EBBAFC /* sample.mp3 */,
				DCA02BE927437ACE00EBBAFC /* features */,
				DCA02BE827437ACE00EBBAFC /* Products */,
			);
			sourceTree = "<group>";
		};
		DCA02BE827437ACE00EBBAFC /* Products */ = {
			isa = PBXGroup;
			children = (
				DCA02BE727437ACE00EBBAFC /* features.app */,
			);
			name = Products;
			sourceTree = "<group>";
		};
		DCA02BE927437ACE00EBBAFC /* features */ = {
			isa = PBXGroup;
			children = (
				DCA02BEA27437ACE00EBBAFC /* AppDelegate.swift */,
				DCA02BEC27437ACE00EBBAFC /* SceneDelegate.swift */,
				DCA02BEE27437ACE00EBBAFC /* ViewController.swift */,
				DCA02BF027437ACE00EBBAFC /* Main.storyboard */,
				DCA02BF327437AD000EBBAFC /* Assets.xcassets */,
				DCA02BF527437AD000EBBAFC /* LaunchScreen.storyboard */,
				DCA02BF827437AD000EBBAFC /* Info.plist */,
			);
			path = features;
			sourceTree = "<group>";
		};
/* End PBXGroup section */

/* Begin PBXNativeTarget section */
		DCA02BE627437ACE00EBBAFC /* features */ = {
			isa = PBXNativeTarget;
			buildConfigurationList = DCA02BFB27437AD000EBBAFC /* Build configuration list for PBXNativeTarget "features" */;
			buildPhases = (
				DCA02BE327437ACE00EBBAFC /* Sources */,
				DCA02BE427437ACE00EBBAFC /* Frameworks */,
				DCA02BE527437ACE00EBBAFC /* Resources */,
			);
			buildRules = (
			);
			dependencies = (
			);
			name = features;
			productName = features;
			productReference = DCA02BE727437ACE00EBBAFC /* features.app */;
			productType = "com.apple.product-type.application";
		};
/* End PBXNativeTarget section */

/* Begin PBXProject section */
		DCA02BDF27437ACE00EBBAFC /* Project object */ = {
			isa = PBXProject;
			attributes = {
				BuildIndependentTargetsInParallel = 1;
				LastSwiftUpdateCheck = 1310;
				LastUpgradeCheck = 1310;
				TargetAttributes = {
					DCA02BE627437ACE00EBBAFC = {
						CreatedOnToolsVersion = 13.1;
					};
				};
			};
			buildConfigurationList = DCA02BE227437ACE00EBBAFC /* Build configuration list for PBXProject "features" */;
			compatibilityVersion = "Xcode 13.0";
			developmentRegion = en;
			hasScannedForEncodings = 0;
			knownRegions = (
				en,
				Base,
			);
			mainGroup = DCA02BDE27437ACE00EBBAFC;
			productRefGroup = DCA02BE827437ACE00EBBAFC /* Products */;
			projectDirPath = "";
			projectRoot = "";
			targets = (
				DCA02BE627437ACE00EBBAFC /* features */,
			);
		};
/* End PBXProject section */

/* Begin PBXResourcesBuildPhase section */
		DCA02BE527437ACE00EBBAFC /* Resources */ = {
			isa = PBXResourcesBuildPhase;
			buildActionMask = 2147483647;
			files = (
				DCA02BF727437AD000EBBAFC /* LaunchScreen.storyboard in Resources */,
				DCA02BFF27437B0B00EBBAFC /* fish.png in Resources */,
				DCA02BF427437AD000EBBAFC /* Assets.xcassets in Resources */,
				DCA02BF227437ACE00EBBAFC /* Main.storyboard in Resources */,
				DCA02C012743927100EBBAFC /* sample.mp3 in Resources */,
			);
			runOnlyForDeploymentPostprocessing = 0;
		};
/* End PBXResourcesBuildPhase section */

/* Begin PBXSourcesBuildPhase section */
		DCA02BE327437ACE00EBBAFC /* Sources */ = {
			isa = PBXSourcesBuildPhase;
			buildActionMask = 2147483647;
			files = (
				DCA02BEF27437ACE00EBBAFC /* ViewController.swift in Sources */,
				DCA02BEB27437ACE00EBBAFC /* AppDelegate.swift in Sources */,
				DCA02BED27437ACE00EBBAFC /* SceneDelegate.swift in Sources */,
			);
			runOnlyForDeploymentPostprocessing = 0;
		};
/* End PBXSourcesBuildPhase section */

/* Begin PBXVariantGroup section */
		DCA02BF027437ACE00EBBAFC /* Main.storyboard */ = {
			isa = PBXVariantGroup;
			children = (
				DCA02BF127437ACE00EBBAFC /* Base */,
			);
			name = Main.storyboard;
			sourceTree = "<group>";
		};
		DCA02BF527437AD000EBBAFC /* LaunchScreen.storyboard */ = {
			isa = PBXVariantGroup;
			children = (
				DCA02BF627437AD000EBBAFC /* Base */,
			);
			name = LaunchScreen.storyboard;
			sourceTree = "<group>";
		};
/* End PBXVariantGroup section */

/* Begin XCBuildConfiguration section */
		DCA02BF927437AD000EBBAFC /* Debug */ = {
			isa = XCBuildConfiguration;
			buildSettings = {
				ALWAYS_SEARCH_USER_PATHS = NO;
				CLANG_ANALYZER_NONNULL = YES;
				CLANG_ANALYZER_NUMBER_OBJECT_CONVERSION = YES_AGGRESSIVE;
				CLANG_CXX_LANGUAGE_STANDARD = "gnu++17";
				CLANG_CXX_LIBRARY = "libc++";
				CLANG_ENABLE_MODULES = YES;
				CLANG_ENABLE_OBJC_ARC = YES;
				CLANG_ENABLE_OBJC_WEAK = YES;
				CLANG_WARN_BLOCK_CAPTURE_AUTORELEASING = YES;
				CLANG_WARN_BOOL_CONVERSION = YES;
				CLANG_WARN_COMMA = YES;
				CLANG_WARN_CONSTANT_CONVERSION = YES;
				CLANG_WARN_DEPRECATED_OBJC_IMPLEMENTATIONS = YES;
				CLANG_WARN_DIRECT_OBJC_ISA_USAGE = YES_ERROR;
				CLANG_WARN_DOCUMENTATION_COMMENTS = YES;
				CLANG_WARN_EMPTY_BODY = YES;
				CLANG_WARN_ENUM_CONVERSION = YES;
				CLANG_WARN_INFINITE_RECURSION = YES;
				CLANG_WARN_INT_CONVERSION = YES;
				CLANG_WARN_NON_LITERAL_NULL_CONVERSION = YES;
				CLANG_WARN_OBJC_IMPLICIT_RETAIN_SELF = YES;
				CLANG_WARN_OBJC_LITERAL_CONVERSION = YES;
				CLANG_WARN_OBJC_ROOT_CLASS = YES_ERROR;
				CLANG_WARN_QUOTED_INCLUDE_IN_FRAMEWORK_HEADER = YES;
				CLANG_WARN_RANGE_LOOP_ANALYSIS = YES;
				CLANG_WARN_STRICT_PROTOTYPES = YES;
				CLANG_WARN_SUSPICIOUS_MOVE = YES;
				CLANG_WARN_UNGUARDED_AVAILABILITY = YES_AGGRESSIVE;
				CLANG_WARN_UNREACHABLE_CODE = YES;
				CLANG_WARN__DUPLICATE_METHOD_MATCH = YES;
				COPY_PHASE_STRIP = NO;
				DEBUG_INFORMATION_FORMAT = dwarf;
				ENABLE_STRICT_OBJC_MSGSEND = YES;
				ENABLE_TESTABILITY = YES;
				GCC_C_LANGUAGE_STANDARD = gnu11;
				GCC_DYNAMIC_NO_PIC = NO;
				GCC_NO_COMMON_BLOCKS = YES;
				GCC_OPTIMIZATION_LEVEL = 0;
				GCC_PREPROCESSOR_DEFINITIONS = (
					"DEBUG=1",
					"$(inherited)",
				);
				GCC_WARN_64_TO_32_BIT_CONVERSION = YES;
				GCC_WARN_ABOUT_RETURN_TYPE = YES_ERROR;
				GCC_WARN_UNDECLARED_SELECTOR = YES;
				GCC_WARN_UNINITIALIZED_AUTOS = YES_AGGRESSIVE;
				GCC_WARN_UNUSED_FUNCTION = YES;
				GCC_WARN_UNUSED_VARIABLE = YES;
				IPHONEOS_DEPLOYMENT_TARGET = 15.0;
				MTL_ENABLE_DEBUG_INFO = INCLUDE_SOURCE;
				MTL_FAST_MATH = YES;
				ONLY_ACTIVE_ARCH = YES;
				SDKROOT = iphoneos;
				SWIFT_ACTIVE_COMPILATION_CONDITIONS = DEBUG;
				SWIFT_OPTIMIZATION_LEVEL = "-Onone";
			};
			name = Debug;
		};
		DCA02BFA27437AD000EBBAFC /* Release */ = {
			isa = XCBuildConfiguration;
			buildSettings = {
				ALWAYS_SEARCH_USER_PATHS = NO;
				CLANG_ANALYZER_NONNULL = YES;
				CLANG_ANALYZER_NUMBER_OBJECT_CONVERSION = YES_AGGRESSIVE;
				CLANG_CXX_LANGUAGE_STANDARD = "gnu++17";
				CLANG_CXX_LIBRARY = "libc++";
				CLANG_ENABLE_MODULES = YES;
				CLANG_ENABLE_OBJC_ARC = YES;
				CLANG_ENABLE_OBJC_WEAK = YES;
				CLANG_WARN_BLOCK_CAPTURE_AUTORELEASING = YES;
				CLANG_WARN_BOOL_CONVERSION = YES;
				CLANG_WARN_COMMA = YES;
				CLANG_WARN_CONSTANT_CONVERSION = YES;
				CLANG_WARN_DEPRECATED_OBJC_IMPLEMENTATIONS = YES;
				CLANG_WARN_DIRECT_OBJC_ISA_USAGE = YES_ERROR;
				CLANG_WARN_DOCUMENTATION_COMMENTS = YES;
				CLANG_WARN_EMPTY_BODY = YES;
				CLANG_WARN_ENUM_CONVERSION = YES;
				CLANG_WARN_INFINITE_RECURSION = YES;
				CLANG_WARN_INT_CONVERSION = YES;
				CLANG_WARN_NON_LITERAL_NULL_CONVERSION = YES;
				CLANG_WARN_OBJC_IMPLICIT_RETAIN_SELF = YES;
				CLANG_WARN_OBJC_LITERAL_CONVERSION = YES;
				CLANG_WARN_OBJC_ROOT_CLASS = YES_ERROR;
				CLANG_WARN_QUOTED_INCLUDE_IN_FRAMEWORK_HEADER = YES;
				CLANG_WARN_RANGE_LOOP_ANALYSIS = YES;
				CLANG_WARN_STRICT_PROTOTYPES = YES;
				CLANG_WARN_SUSPICIOUS_MOVE = YES;
				CLANG_WARN_UNGUARDED_AVAILABILITY = YES_AGGRESSIVE;
				CLANG_WARN_UNREACHABLE_CODE = YES;
				CLANG_WARN__DUPLICATE_METHOD_MATCH = YES;
				COPY_PHASE_STRIP = NO;
				DEBUG_INFORMATION_FORMAT = "dwarf-with-dsym";
				ENABLE_NS_ASSERTIONS = NO;
				ENABLE_STRICT_OBJC_MSGSEND = YES;
				GCC_C_LANGUAGE_STANDARD = gnu11;
				GCC_NO_COMMON_BLOCKS = YES;
				GCC_WARN_64_TO_32_BIT_CONVERSION = YES;
				GCC_WARN_ABOUT_RETURN_TYPE = YES_ERROR;
				GCC_WARN_UNDECLARED_SELECTOR = YES;
				GCC_WARN_UNINITIALIZED_AUTOS = YES_AGGRESSIVE;
				GCC_WARN_UNUSED_FUNCTION = YES;
				GCC_WARN_UNUSED_VARIABLE = YES;
				IPHONEOS_DEPLOYMENT_TARGET = 15.0;
				MTL_ENABLE_DEBUG_INFO = NO;
				MTL_FAST_MATH = YES;
				SDKROOT = iphoneos;
				SWIFT_COMPILATION_MODE = wholemodule;
				SWIFT_OPTIMIZATION_LEVEL = "-O";
				VALIDATE_PRODUCT = YES;
			};
			name = Release;
		};
		DCA02BFC27437AD000EBBAFC /* Debug */ = {
			isa = XCBuildConfiguration;
			buildSettings = {
				ASSETCATALOG_COMPILER_APPICON_NAME = AppIcon;
				ASSETCATALOG_COMPILER_GLOBAL_ACCENT_COLOR_NAME = AccentColor;
				CODE_SIGN_STYLE = Automatic;
				CURRENT_PROJECT_VERSION = 1;
				DEVELOPMENT_TEAM = Q3NPT6P6L4;
				GENERATE_INFOPLIST_FILE = YES;
				INFOPLIST_FILE = features/Info.plist;
				INFOPLIST_KEY_UIApplicationSupportsIndirectInputEvents = YES;
				INFOPLIST_KEY_UILaunchStoryboardName = LaunchScreen;
				INFOPLIST_KEY_UIMainStoryboardFile = Main;
				INFOPLIST_KEY_UISupportedInterfaceOrientations_iPad = "UIInterfaceOrientationPortrait UIInterfaceOrientationPortraitUpsideDown UIInterfaceOrientationLandscapeLeft UIInterfaceOrientationLandscapeRight";
				INFOPLIST_KEY_UISupportedInterfaceOrientations_iPhone = "UIInterfaceOrientationPortrait UIInterfaceOrientationLandscapeLeft UIInterfaceOrientationLandscapeRight";
				LD_RUNPATH_SEARCH_PATHS = (
					"$(inherited)",
					"@executable_path/Frameworks",
				);
				MARKETING_VERSION = 1.0;
				PRODUCT_BUNDLE_IDENTIFIER = Masalion.features;
				PRODUCT_NAME = "$(TARGET_NAME)";
				SWIFT_EMIT_LOC_STRINGS = YES;
				SWIFT_VERSION = 5.0;
				TARGETED_DEVICE_FAMILY = "1,2";
			};
			name = Debug;
		};
		DCA02BFD27437AD000EBBAFC /* Release */ = {
			isa = XCBuildConfiguration;
			buildSettings = {
				ASSETCATALOG_COMPILER_APPICON_NAME = AppIcon;
				ASSETCATALOG_COMPILER_GLOBAL_ACCENT_COLOR_NAME = AccentColor;
				CODE_SIGN_STYLE = Automatic;
				CURRENT_PROJECT_VERSION = 1;
				DEVELOPMENT_TEAM = Q3NPT6P6L4;
				GENERATE_INFOPLIST_FILE = YES;
				INFOPLIST_FILE = features/Info.plist;
				INFOPLIST_KEY_UIApplicationSupportsIndirectInputEvents = YES;
				INFOPLIST_KEY_UILaunchStoryboardName = LaunchScreen;
				INFOPLIST_KEY_UIMainStoryboardFile = Main;
				INFOPLIST_KEY_UISupportedInterfaceOrientations_iPad = "UIInterfaceOrientationPortrait UIInterfaceOrientationPortraitUpsideDown UIInterfaceOrientationLandscapeLeft UIInterfaceOrientationLandscapeRight";
				INFOPLIST_KEY_UISupportedInterfaceOrientations_iPhone = "UIInterfaceOrientationPortrait UIInterfaceOrientationLandscapeLeft UIInterfaceOrientationLandscapeRight";
				LD_RUNPATH_SEARCH_PATHS = (
					"$(inherited)",
					"@executable_path/Frameworks",
				);
				MARKETING_VERSION = 1.0;
				PRODUCT_BUNDLE_IDENTIFIER = Masalion.features;
				PRODUCT_NAME = "$(TARGET_NAME)";
				SWIFT_EMIT_LOC_STRINGS = YES;
				SWIFT_VERSION = 5.0;
				TARGETED_DEVICE_FAMILY = "1,2";
			};
			name = Release;
		};
/* End XCBuildConfiguration section */

/* Begin XCConfigurationList section */
		DCA02BE227437ACE00EBBAFC /* Build configuration list for PBXProject "features" */ = {
			isa = XCConfigurationList;
			buildConfigurations = (
				DCA02BF927437AD000EBBAFC /* Debug */,
				DCA02BFA27437AD000EBBAFC /* Release */,
			);
			defaultConfigurationIsVisible = 0;
			defaultConfigurationName = Release;
		};
		DCA02BFB27437AD000EBBAFC /* Build configuration list for PBXNativeTarget "features" */ = {
			isa = XCConfigurationList;
			buildConfigurations = (
				DCA02BFC27437AD000EBBAFC /* Debug */,
				DCA02BFD27437AD000EBBAFC /* Release */,
			);
			defaultConfigurationIsVisible = 0;
			defaultConfigurationName = Release;
		};
/* End XCConfigurationList section */
	};
	rootObject = DCA02BDF27437ACE00EBBAFC /* Project object */;
}
